
Microsoft Visual Studio Solution File, Format Version 12.00
# Visual Studio Version 16
VisualStudioVersion = 16.0.31702.278
MinimumVisualStudioVersion = 10.0.40219.1
Project("{FAE04EC0-301F-11D3-BF4B-00C04F79EFBC}") = "AdventOfCode2021", "AdventOfCode2021.csproj", "{8336D588-9EC6-417E-B3BA-1AB6A02C1BB0}"
EndProject
Global
	GlobalSection(SolutionConfigurationPlatforms) = preSolution
		Debug|Any CPU = Debug|Any CPU
		Release|Any CPU = Release|Any CPU
	EndGlobalSection
	GlobalSection(ProjectConfigurationPlatforms) = postSolution
		{8336D588-9EC6-417E-B3BA-1AB6A02C1BB0}.Debug|Any CPU.ActiveCfg = Debug|Any CPU
		{8336D588-9EC6-417E-B3BA-1AB6A02C1BB0}.Debug|Any CPU.Build.0 = Debug|Any CPU
		{8336D588-9EC6-417E-B3BA-1AB6A02C1BB0}.Release|Any CPU.ActiveCfg = Release|Any CPU
		{8336D588-9EC6-417E-B3BA-1AB6A02C1BB0}.Release|Any CPU.Build.0 = Release|Any CPU
	EndGlobalSection
	GlobalSection(SolutionProperties) = preSolution
		HideSolutionNode = FALSE
	EndGlobalSection
	GlobalSection(ExtensibilityGlobals) = postSolution
		SolutionGuid = {29600040-6DD2-4848-9CE1-B1C70264F5F9}
	EndGlobalSection
EndGlobal
